{
  "name": "test-fast-doc",
  "version": "1.0.0",
  "lockfileVersion": 1,
  "requires": true,
  "dependencies": {
    "@types/unist": {
      "version": "3.0.0",
      "resolved": "https://registry.npmjs.org/@types/unist/-/unist-3.0.0.tgz",
      "integrity": "sha512-MFETx3tbTjE7Uk6vvnWINA/1iJ7LuMdO4fcq8UfF0pRbj01aGLduVvQcRyswuACJdpnHgg8E3rQLhaRdNEJS0w=="
    },
    "argparse": {
      "version": "2.0.1",
      "resolved": "https://registry.npmjs.org/argparse/-/argparse-2.0.1.tgz",
      "integrity": "sha512-8+9WqebbFzpX9OR+Wa6O29asIogeRMzcGtAINdpMHHyAg10f05aSFVBbcEqGf/PXw1EjAZ+q2/bEBg3DvurK3Q=="
    },
    "js-yaml": {
      "version": "4.1.0",
      "resolved": "https://registry.npmjs.org/js-yaml/-/js-yaml-4.1.0.tgz",
      "integrity": "sha512-wpxZs9NoxZaJESJGIZTyDEaYpl0FKSA+FB9aJiyemKhMwkxQg63h4T1KJgUGHpTqPDNRcmmYLugrRjJlBtWvRA==",
      "requires": {
        "argparse": "^2.0.1"
      }
    },
    "line-number": {
      "version": "0.1.0",
      "resolved": "https://registry.npmjs.org/line-number/-/line-number-0.1.0.tgz",
      "integrity": "sha512-A9Ea4bfDbg5z+eWRNQhHXeCv2r/82R0o/25EPs0NtDo7PEBZiDq7cyb/Zk1ZI2fhvDzWm8bemnDgBxiLK7C9Hw=="
    },
    "parse-md": {
      "version": "3.0.3",
      "resolved": "https://registry.npmjs.org/parse-md/-/parse-md-3.0.3.tgz",
      "integrity": "sha512-2kpNrrW1GBgli5VT9X9/Y6n4PVsIFVdG49tguq1PHwzsRSK0Cu0yJPTUFOwWouFT85atYNWQ1T/rmqfj7kLd8g==",
      "requires": {
        "js-yaml": "^4.1.0"
      }
    },
    "unist-util-stringify-position": {
      "version": "4.0.0",
      "resolved": "https://registry.npmjs.org/unist-util-stringify-position/-/unist-util-stringify-position-4.0.0.tgz",
      "integrity": "sha512-0ASV06AAoKCDkS2+xw5RXJywruurpbC4JZSm7nr7MOt1ojAzvyyaO+UxZf18j8FCF6kmzCZKcAgN/yu2gm2XgQ==",
      "requires": {
        "@types/unist": "^3.0.0"
      }
    },
    "vfile": {
      "version": "6.0.1",
      "resolved": "https://registry.npmjs.org/vfile/-/vfile-6.0.1.tgz",
      "integrity": "sha512-1bYqc7pt6NIADBJ98UiG0Bn/CHIVOoZ/IyEkqIruLg0mE1BKzkOXY2D6CSqQIcKqgadppE5lrxgWXJmXd7zZJw==",
      "requires": {
        "@types/unist": "^3.0.0",
        "unist-util-stringify-position": "^4.0.0",
        "vfile-message": "^4.0.0"
      }
    },
    "vfile-find-down": {
      "version": "7.0.0",
      "resolved": "https://registry.npmjs.org/vfile-find-down/-/vfile-find-down-7.0.0.tgz",
      "integrity": "sha512-PD9qG/tV3Hq/ZHwfNXd1geLGiu3BBrxa5lOOuVB6UvMQYl5r490w3WSx0zn2RlC3W6Z/CO1BAIBpF0ZytP6kMQ==",
      "requires": {
        "vfile": "^6.0.0"
      }
    },
    "vfile-message": {
      "version": "4.0.2",
      "resolved": "https://registry.npmjs.org/vfile-message/-/vfile-message-4.0.2.tgz",
      "integrity": "sha512-jRDZ1IMLttGj41KcZvlrYAaI3CfqpLpfpf+Mfig13viT6NKvRzWZ+lXz0Y5D60w6uJIBAOGq9mSHf0gktF0duw==",
      "requires": {
        "@types/unist": "^3.0.0",
        "unist-util-stringify-position": "^4.0.0"
      }
    }
  }
}
